// !$*UTF8*$!
{
	archiveVersion = 1;
	classes = {
	};
	objectVersion = 55;
	objects = {

/* Begin PBXBuildFile section */
		F85565C427856B0300E7FA37 /* LoginTestApp.swift in Sources */ = {isa = PBXBuildFile; fileRef = F85565B427856B0100E7FA37 /* LoginTestApp.swift */; };
		F85565C527856B0300E7FA37 /* LoginTestApp.swift in Sources */ = {isa = PBXBuildFile; fileRef = F85565B427856B0100E7FA37 /* LoginTestApp.swift */; };
		F85565C627856B0300E7FA37 /* ContentView.swift in Sources */ = {isa = PBXBuildFile; fileRef = F85565B527856B0100E7FA37 /* ContentView.swift */; };
		F85565C727856B0300E7FA37 /* ContentView.swift in Sources */ = {isa = PBXBuildFile; fileRef = F85565B527856B0100E7FA37 /* ContentView.swift */; };
		F85565C827856B0300E7FA37 /* Assets.xcassets in Resources */ = {isa = PBXBuildFile; fileRef = F85565B627856B0300E7FA37 /* Assets.xcassets */; };
		F85565C927856B0300E7FA37 /* Assets.xcassets in Resources */ = {isa = PBXBuildFile; fileRef = F85565B627856B0300E7FA37 /* Assets.xcassets */; };
		F85565D427856B2200E7FA37 /* LoginResponse.swift in Sources */ = {isa = PBXBuildFile; fileRef = F85565D327856B2200E7FA37 /* LoginResponse.swift */; };
		F85565D627856B5D00E7FA37 /* Article.swift in Sources */ = {isa = PBXBuildFile; fileRef = F85565D527856B5C00E7FA37 /* Article.swift */; };
		F85565D927856CB700E7FA37 /* Webservice.swift in Sources */ = {isa = PBXBuildFile; fileRef = F85565D827856CB700E7FA37 /* Webservice.swift */; };
		F85565DC278571E600E7FA37 /* LoginViewModel.swift in Sources */ = {isa = PBXBuildFile; fileRef = F85565DB278571E600E7FA37 /* LoginViewModel.swift */; };
		F85565E02785738B00E7FA37 /* LoginView.swift in Sources */ = {isa = PBXBuildFile; fileRef = F85565DF2785738B00E7FA37 /* LoginView.swift */; };
		F85565E32785765000E7FA37 /* LoginInputField.swift in Sources */ = {isa = PBXBuildFile; fileRef = F85565E22785765000E7FA37 /* LoginInputField.swift */; };
		F85565E527857A7000E7FA37 /* LoginButton.swift in Sources */ = {isa = PBXBuildFile; fileRef = F85565E427857A7000E7FA37 /* LoginButton.swift */; };
		F85565E727857ED200E7FA37 /* DashboardView.swift in Sources */ = {isa = PBXBuildFile; fileRef = F85565E627857ED200E7FA37 /* DashboardView.swift */; };
		F85565EA27857FF500E7FA37 /* ArticleController.swift in Sources */ = {isa = PBXBuildFile; fileRef = F85565E927857FF500E7FA37 /* ArticleController.swift */; };
		F85565EC2785803300E7FA37 /* ArticleViewModel.swift in Sources */ = {isa = PBXBuildFile; fileRef = F85565EB2785803300E7FA37 /* ArticleViewModel.swift */; };
		F85565F02785857B00E7FA37 /* NewsCard.swift in Sources */ = {isa = PBXBuildFile; fileRef = F85565EF2785857B00E7FA37 /* NewsCard.swift */; };
/* End PBXBuildFile section */

/* Begin PBXFileReference section */
		F85565B427856B0100E7FA37 /* LoginTestApp.swift */ = {isa = PBXFileReference; lastKnownFileType = sourcecode.swift; path = LoginTestApp.swift; sourceTree = "<group>"; };
		F85565B527856B0100E7FA37 /* ContentView.swift */ = {isa = PBXFileReference; lastKnownFileType = sourcecode.swift; path = ContentView.swift; sourceTree = "<group>"; };
		F85565B627856B0300E7FA37 /* Assets.xcassets */ = {isa = PBXFileReference; lastKnownFileType = folder.assetcatalog; path = Assets.xcassets; sourceTree = "<group>"; };
		F85565BB27856B0300E7FA37 /* LoginTest.app */ = {isa = PBXFileReference; explicitFileType = wrapper.application; includeInIndex = 0; path = LoginTest.app; sourceTree = BUILT_PRODUCTS_DIR; };
		F85565C127856B0300E7FA37 /* LoginTest.app */ = {isa = PBXFileReference; explicitFileType = wrapper.application; includeInIndex = 0; path = LoginTest.app; sourceTree = BUILT_PRODUCTS_DIR; };
		F85565C327856B0300E7FA37 /* macOS.entitlements */ = {isa = PBXFileReference; lastKnownFileType = text.plist.entitlements; path = macOS.entitlements; sourceTree = "<group>"; };
		F85565D327856B2200E7FA37 /* LoginResponse.swift */ = {isa = PBXFileReference; lastKnownFileType = sourcecode.swift; path = LoginResponse.swift; sourceTree = "<group>"; };
		F85565D527856B5C00E7FA37 /* Article.swift */ = {isa = PBXFileReference; lastKnownFileType = sourcecode.swift; path = Article.swift; sourceTree = "<group>"; };
		F85565D827856CB700E7FA37 /* Webservice.swift */ = {isa = PBXFileReference; lastKnownFileType = sourcecode.swift; path = Webservice.swift; sourceTree = "<group>"; };
		F85565DB278571E600E7FA37 /* LoginViewModel.swift */ = {isa = PBXFileReference; lastKnownFileType = sourcecode.swift; path = LoginViewModel.swift; sourceTree = "<group>"; };
		F85565DF2785738B00E7FA37 /* LoginView.swift */ = {isa = PBXFileReference; lastKnownFileType = sourcecode.swift; path = LoginView.swift; sourceTree = "<group>"; };
		F85565E22785765000E7FA37 /* LoginInputField.swift */ = {isa = PBXFileReference; lastKnownFileType = sourcecode.swift; path = LoginInputField.swift; sourceTree = "<group>"; };
		F85565E427857A7000E7FA37 /* LoginButton.swift */ = {isa = PBXFileReference; lastKnownFileType = sourcecode.swift; path = LoginButton.swift; sourceTree = "<group>"; };
		F85565E627857ED200E7FA37 /* DashboardView.swift */ = {isa = PBXFileReference; lastKnownFileType = sourcecode.swift; path = DashboardView.swift; sourceTree = "<group>"; };
		F85565E927857FF500E7FA37 /* ArticleController.swift */ = {isa = PBXFileReference; lastKnownFileType = sourcecode.swift; path = ArticleController.swift; sourceTree = "<group>"; };
		F85565EB2785803300E7FA37 /* ArticleViewModel.swift */ = {isa = PBXFileReference; lastKnownFileType = sourcecode.swift; path = ArticleViewModel.swift; sourceTree = "<group>"; };
		F85565EF2785857B00E7FA37 /* NewsCard.swift */ = {isa = PBXFileReference; lastKnownFileType = sourcecode.swift; path = NewsCard.swift; sourceTree = "<group>"; };
/* End PBXFileReference section */

/* Begin PBXFrameworksBuildPhase section */
		F85565B827856B0300E7FA37 /* Frameworks */ = {
			isa = PBXFrameworksBuildPhase;
			buildActionMask = 2147483647;
			files = (
			);
			runOnlyForDeploymentPostprocessing = 0;
		};
		F85565BE27856B0300E7FA37 /* Frameworks */ = {
			isa = PBXFrameworksBuildPhase;
			buildActionMask = 2147483647;
			files = (
			);
			runOnlyForDeploymentPostprocessing = 0;
		};
/* End PBXFrameworksBuildPhase section */

/* Begin PBXGroup section */
		F85565AE27856B0000E7FA37 = {
			isa = PBXGroup;
			children = (
				F85565B327856B0100E7FA37 /* Shared */,
				F85565C227856B0300E7FA37 /* macOS */,
				F85565BC27856B0300E7FA37 /* Products */,
			);
			sourceTree = "<group>";
		};
		F85565B327856B0100E7FA37 /* Shared */ = {
			isa = PBXGroup;
			children = (
				F85565E827857FDF00E7FA37 /* Controllers */,
				F85565DD2785737800E7FA37 /* Views */,
				F85565DA278571D400E7FA37 /* ViewModels */,
				F85565D727856CAA00E7FA37 /* Services */,
				F85565D227856B0F00E7FA37 /* Models */,
				F85565B427856B0100E7FA37 /* LoginTestApp.swift */,
				F85565B527856B0100E7FA37 /* ContentView.swift */,
				F85565B627856B0300E7FA37 /* Assets.xcassets */,
			);
			path = Shared;
			sourceTree = "<group>";
		};
		F85565BC27856B0300E7FA37 /* Products */ = {
			isa = PBXGroup;
			children = (
				F85565BB27856B0300E7FA37 /* LoginTest.app */,
				F85565C127856B0300E7FA37 /* LoginTest.app */,
			);
			name = Products;
			sourceTree = "<group>";
		};
		F85565C227856B0300E7FA37 /* macOS */ = {
			isa = PBXGroup;
			children = (
				F85565C327856B0300E7FA37 /* macOS.entitlements */,
			);
			path = macOS;
			sourceTree = "<group>";
		};
		F85565D227856B0F00E7FA37 /* Models */ = {
			isa = PBXGroup;
			children = (
				F85565D327856B2200E7FA37 /* LoginResponse.swift */,
				F85565D527856B5C00E7FA37 /* Article.swift */,
			);
			path = Models;
			sourceTree = "<group>";
		};
		F85565D727856CAA00E7FA37 /* Services */ = {
			isa = PBXGroup;
			children = (
				F85565D827856CB700E7FA37 /* Webservice.swift */,
			);
			path = Services;
			sourceTree = "<group>";
		};
		F85565DA278571D400E7FA37 /* ViewModels */ = {
			isa = PBXGroup;
			children = (
				F85565DB278571E600E7FA37 /* LoginViewModel.swift */,
				F85565EB2785803300E7FA37 /* ArticleViewModel.swift */,
			);
			path = ViewModels;
			sourceTree = "<group>";
		};
		F85565DD2785737800E7FA37 /* Views */ = {
			isa = PBXGroup;
			children = (
				F85565E1278575FB00E7FA37 /* Components */,
				F85565DE2785738000E7FA37 /* Screens */,
			);
			path = Views;
			sourceTree = "<group>";
		};
		F85565DE2785738000E7FA37 /* Screens */ = {
			isa = PBXGroup;
			children = (
				F85565DF2785738B00E7FA37 /* LoginView.swift */,
				F85565E627857ED200E7FA37 /* DashboardView.swift */,
			);
			path = Screens;
			sourceTree = "<group>";
		};
		F85565E1278575FB00E7FA37 /* Components */ = {
			isa = PBXGroup;
			children = (
				F85565EE2785856D00E7FA37 /* Dashboard */,
				F85565ED2785856000E7FA37 /* Login */,
			);
			path = Components;
			sourceTree = "<group>";
		};
		F85565E827857FDF00E7FA37 /* Controllers */ = {
			isa = PBXGroup;
			children = (
				F85565E927857FF500E7FA37 /* ArticleController.swift */,
			);
			path = Controllers;
			sourceTree = "<group>";
		};
		F85565ED2785856000E7FA37 /* Login */ = {
			isa = PBXGroup;
			children = (
				F85565E22785765000E7FA37 /* LoginInputField.swift */,
				F85565E427857A7000E7FA37 /* LoginButton.swift */,
			);
			path = Login;
			sourceTree = "<group>";
		};
		F85565EE2785856D00E7FA37 /* Dashboard */ = {
			isa = PBXGroup;
			children = (
				F85565EF2785857B00E7FA37 /* NewsCard.swift */,
			);
			path = Dashboard;
			sourceTree = "<group>";
		};
/* End PBXGroup section */

/* Begin PBXNativeTarget section */
		F85565BA27856B0300E7FA37 /* LoginTest (iOS) */ = {
			isa = PBXNativeTarget;
			buildConfigurationList = F85565CC27856B0300E7FA37 /* Build configuration list for PBXNativeTarget "LoginTest (iOS)" */;
			buildPhases = (
				F85565B727856B0300E7FA37 /* Sources */,
				F85565B827856B0300E7FA37 /* Frameworks */,
				F85565B927856B0300E7FA37 /* Resources */,
			);
			buildRules = (
			);
			dependencies = (
			);
			name = "LoginTest (iOS)";
			productName = "LoginTest (iOS)";
			productReference = F85565BB27856B0300E7FA37 /* LoginTest.app */;
			productType = "com.apple.product-type.application";
		};
		F85565C027856B0300E7FA37 /* LoginTest (macOS) */ = {
			isa = PBXNativeTarget;
			buildConfigurationList = F85565CF27856B0300E7FA37 /* Build configuration list for PBXNativeTarget "LoginTest (macOS)" */;
			buildPhases = (
				F85565BD27856B0300E7FA37 /* Sources */,
				F85565BE27856B0300E7FA37 /* Frameworks */,
				F85565BF27856B0300E7FA37 /* Resources */,
			);
			buildRules = (
			);
			dependencies = (
			);
			name = "LoginTest (macOS)";
			productName = "LoginTest (macOS)";
			productReference = F85565C127856B0300E7FA37 /* LoginTest.app */;
			productType = "com.apple.product-type.application";
		};
/* End PBXNativeTarget section */

/* Begin PBXProject section */
		F85565AF27856B0000E7FA37 /* Project object */ = {
			isa = PBXProject;
			attributes = {
				BuildIndependentTargetsInParallel = 1;
				LastSwiftUpdateCheck = 1310;
				LastUpgradeCheck = 1310;
				TargetAttributes = {
					F85565BA27856B0300E7FA37 = {
						CreatedOnToolsVersion = 13.1;
					};
					F85565C027856B0300E7FA37 = {
						CreatedOnToolsVersion = 13.1;
					};
				};
			};
			buildConfigurationList = F85565B227856B0000E7FA37 /* Build configuration list for PBXProject "LoginTest" */;
			compatibilityVersion = "Xcode 13.0";
			developmentRegion = en;
			hasScannedForEncodings = 0;
			knownRegions = (
				en,
				Base,
			);
			mainGroup = F85565AE27856B0000E7FA37;
			productRefGroup = F85565BC27856B0300E7FA37 /* Products */;
			projectDirPath = "";
			projectRoot = "";
			targets = (
				F85565BA27856B0300E7FA37 /* LoginTest (iOS) */,
				F85565C027856B0300E7FA37 /* LoginTest (macOS) */,
			);
		};
/* End PBXProject section */

/* Begin PBXResourcesBuildPhase section */
		F85565B927856B0300E7FA37 /* Resources */ = {
			isa = PBXResourcesBuildPhase;
			buildActionMask = 2147483647;
			files = (
				F85565C827856B0300E7FA37 /* Assets.xcassets in Resources */,
			);
			runOnlyForDeploymentPostprocessing = 0;
		};
		F85565BF27856B0300E7FA37 /* Resources */ = {
			isa = PBXResourcesBuildPhase;
			buildActionMask = 2147483647;
			files = (
				F85565C927856B0300E7FA37 /* Assets.xcassets in Resources */,
			);
			runOnlyForDeploymentPostprocessing = 0;
		};
/* End PBXResourcesBuildPhase section */

/* Begin PBXSourcesBuildPhase section */
		F85565B727856B0300E7FA37 /* Sources */ = {
			isa = PBXSourcesBuildPhase;
			buildActionMask = 2147483647;
			files = (
				F85565D627856B5D00E7FA37 /* Article.swift in Sources */,
				F85565E527857A7000E7FA37 /* LoginButton.swift in Sources */,
				F85565EA27857FF500E7FA37 /* ArticleController.swift in Sources */,
				F85565E02785738B00E7FA37 /* LoginView.swift in Sources */,
				F85565C627856B0300E7FA37 /* ContentView.swift in Sources */,
				F85565DC278571E600E7FA37 /* LoginViewModel.swift in Sources */,
				F85565D427856B2200E7FA37 /* LoginResponse.swift in Sources */,
				F85565F02785857B00E7FA37 /* NewsCard.swift in Sources */,
				F85565E32785765000E7FA37 /* LoginInputField.swift in Sources */,
				F85565E727857ED200E7FA37 /* DashboardView.swift in Sources */,
				F85565EC2785803300E7FA37 /* ArticleViewModel.swift in Sources */,
				F85565D927856CB700E7FA37 /* Webservice.swift in Sources */,
				F85565C427856B0300E7FA37 /* LoginTestApp.swift in Sources */,
			);
			runOnlyForDeploymentPostprocessing = 0;
		};
		F85565BD27856B0300E7FA37 /* Sources */ = {
			isa = PBXSourcesBuildPhase;
			buildActionMask = 2147483647;
			files = (
				F85565C727856B0300E7FA37 /* ContentView.swift in Sources */,
				F85565C527856B0300E7FA37 /* LoginTestApp.swift in Sources */,
			);
			runOnlyForDeploymentPostprocessing = 0;
		};
/* End PBXSourcesBuildPhase section */

/* Begin XCBuildConfiguration section */
		F85565CA27856B0300E7FA37 /* Debug */ = {
			isa = XCBuildConfiguration;
			buildSettings = {
				ALWAYS_SEARCH_USER_PATHS = NO;
				CLANG_ANALYZER_NONNULL = YES;
				CLANG_ANALYZER_NUMBER_OBJECT_CONVERSION = YES_AGGRESSIVE;
				CLANG_CXX_LANGUAGE_STANDARD = "gnu++17";
				CLANG_CXX_LIBRARY = "libc++";
				CLANG_ENABLE_MODULES = YES;
				CLANG_ENABLE_OBJC_ARC = YES;
				CLANG_ENABLE_OBJC_WEAK = YES;
				CLANG_WARN_BLOCK_CAPTURE_AUTORELEASING = YES;
				CLANG_WARN_BOOL_CONVERSION = YES;
				CLANG_WARN_COMMA = YES;
				CLANG_WARN_CONSTANT_CONVERSION = YES;
				CLANG_WARN_DEPRECATED_OBJC_IMPLEMENTATIONS = YES;
				CLANG_WARN_DIRECT_OBJC_ISA_USAGE = YES_ERROR;
				CLANG_WARN_DOCUMENTATION_COMMENTS = YES;
				CLANG_WARN_EMPTY_BODY = YES;
				CLANG_WARN_ENUM_CONVERSION = YES;
				CLANG_WARN_INFINITE_RECURSION = YES;
				CLANG_WARN_INT_CONVERSION = YES;
				CLANG_WARN_NON_LITERAL_NULL_CONVERSION = YES;
				CLANG_WARN_OBJC_IMPLICIT_RETAIN_SELF = YES;
				CLANG_WARN_OBJC_LITERAL_CONVERSION = YES;
				CLANG_WARN_OBJC_ROOT_CLASS = YES_ERROR;
				CLANG_WARN_QUOTED_INCLUDE_IN_FRAMEWORK_HEADER = YES;
				CLANG_WARN_RANGE_LOOP_ANALYSIS = YES;
				CLANG_WARN_STRICT_PROTOTYPES = YES;
				CLANG_WARN_SUSPICIOUS_MOVE = YES;
				CLANG_WARN_UNGUARDED_AVAILABILITY = YES_AGGRESSIVE;
				CLANG_WARN_UNREACHABLE_CODE = YES;
				CLANG_WARN__DUPLICATE_METHOD_MATCH = YES;
				COPY_PHASE_STRIP = NO;
				DEBUG_INFORMATION_FORMAT = dwarf;
				ENABLE_STRICT_OBJC_MSGSEND = YES;
				ENABLE_TESTABILITY = YES;
				GCC_C_LANGUAGE_STANDARD = gnu11;
				GCC_DYNAMIC_NO_PIC = NO;
				GCC_NO_COMMON_BLOCKS = YES;
				GCC_OPTIMIZATION_LEVEL = 0;
				GCC_PREPROCESSOR_DEFINITIONS = (
					"DEBUG=1",
					"$(inherited)",
				);
				GCC_WARN_64_TO_32_BIT_CONVERSION = YES;
				GCC_WARN_ABOUT_RETURN_TYPE = YES_ERROR;
				GCC_WARN_UNDECLARED_SELECTOR = YES;
				GCC_WARN_UNINITIALIZED_AUTOS = YES_AGGRESSIVE;
				GCC_WARN_UNUSED_FUNCTION = YES;
				GCC_WARN_UNUSED_VARIABLE = YES;
				MTL_ENABLE_DEBUG_INFO = INCLUDE_SOURCE;
				MTL_FAST_MATH = YES;
				ONLY_ACTIVE_ARCH = YES;
				SWIFT_ACTIVE_COMPILATION_CONDITIONS = DEBUG;
				SWIFT_OPTIMIZATION_LEVEL = "-Onone";
			};
			name = Debug;
		};
		F85565CB27856B0300E7FA37 /* Release */ = {
			isa = XCBuildConfiguration;
			buildSettings = {
				ALWAYS_SEARCH_USER_PATHS = NO;
				CLANG_ANALYZER_NONNULL = YES;
				CLANG_ANALYZER_NUMBER_OBJECT_CONVERSION = YES_AGGRESSIVE;
				CLANG_CXX_LANGUAGE_STANDARD = "gnu++17";
				CLANG_CXX_LIBRARY = "libc++";
				CLANG_ENABLE_MODULES = YES;
				CLANG_ENABLE_OBJC_ARC = YES;
				CLANG_ENABLE_OBJC_WEAK = YES;
				CLANG_WARN_BLOCK_CAPTURE_AUTORELEASING = YES;
				CLANG_WARN_BOOL_CONVERSION = YES;
				CLANG_WARN_COMMA = YES;
				CLANG_WARN_CONSTANT_CONVERSION = YES;
				CLANG_WARN_DEPRECATED_OBJC_IMPLEMENTATIONS = YES;
				CLANG_WARN_DIRECT_OBJC_ISA_USAGE = YES_ERROR;
				CLANG_WARN_DOCUMENTATION_COMMENTS = YES;
				CLANG_WARN_EMPTY_BODY = YES;
				CLANG_WARN_ENUM_CONVERSION = YES;
				CLANG_WARN_INFINITE_RECURSION = YES;
				CLANG_WARN_INT_CONVERSION = YES;
				CLANG_WARN_NON_LITERAL_NULL_CONVERSION = YES;
				CLANG_WARN_OBJC_IMPLICIT_RETAIN_SELF = YES;
				CLANG_WARN_OBJC_LITERAL_CONVERSION = YES;
				CLANG_WARN_OBJC_ROOT_CLASS = YES_ERROR;
				CLANG_WARN_QUOTED_INCLUDE_IN_FRAMEWORK_HEADER = YES;
				CLANG_WARN_RANGE_LOOP_ANALYSIS = YES;
				CLANG_WARN_STRICT_PROTOTYPES = YES;
				CLANG_WARN_SUSPICIOUS_MOVE = YES;
				CLANG_WARN_UNGUARDED_AVAILABILITY = YES_AGGRESSIVE;
				CLANG_WARN_UNREACHABLE_CODE = YES;
				CLANG_WARN__DUPLICATE_METHOD_MATCH = YES;
				COPY_PHASE_STRIP = NO;
				DEBUG_INFORMATION_FORMAT = "dwarf-with-dsym";
				ENABLE_NS_ASSERTIONS = NO;
				ENABLE_STRICT_OBJC_MSGSEND = YES;
				GCC_C_LANGUAGE_STANDARD = gnu11;
				GCC_NO_COMMON_BLOCKS = YES;
				GCC_WARN_64_TO_32_BIT_CONVERSION = YES;
				GCC_WARN_ABOUT_RETURN_TYPE = YES_ERROR;
				GCC_WARN_UNDECLARED_SELECTOR = YES;
				GCC_WARN_UNINITIALIZED_AUTOS = YES_AGGRESSIVE;
				GCC_WARN_UNUSED_FUNCTION = YES;
				GCC_WARN_UNUSED_VARIABLE = YES;
				MTL_ENABLE_DEBUG_INFO = NO;
				MTL_FAST_MATH = YES;
				SWIFT_COMPILATION_MODE = wholemodule;
				SWIFT_OPTIMIZATION_LEVEL = "-O";
			};
			name = Release;
		};
		F85565CD27856B0300E7FA37 /* Debug */ = {
			isa = XCBuildConfiguration;
			buildSettings = {
				ASSETCATALOG_COMPILER_APPICON_NAME = AppIcon;
				ASSETCATALOG_COMPILER_GLOBAL_ACCENT_COLOR_NAME = AccentColor;
				CODE_SIGN_STYLE = Automatic;
				CURRENT_PROJECT_VERSION = 1;
				ENABLE_PREVIEWS = YES;
				GENERATE_INFOPLIST_FILE = YES;
				INFOPLIST_KEY_UIApplicationSceneManifest_Generation = YES;
				INFOPLIST_KEY_UIApplicationSupportsIndirectInputEvents = YES;
				INFOPLIST_KEY_UILaunchScreen_Generation = YES;
				INFOPLIST_KEY_UISupportedInterfaceOrientations_iPad = "UIInterfaceOrientationPortrait UIInterfaceOrientationPortraitUpsideDown UIInterfaceOrientationLandscapeLeft UIInterfaceOrientationLandscapeRight";
				INFOPLIST_KEY_UISupportedInterfaceOrientations_iPhone = "UIInterfaceOrientationPortrait UIInterfaceOrientationLandscapeLeft UIInterfaceOrientationLandscapeRight";
				IPHONEOS_DEPLOYMENT_TARGET = 15.0;
				LD_RUNPATH_SEARCH_PATHS = (
					"$(inherited)",
					"@executable_path/Frameworks",
				);
				MARKETING_VERSION = 1.0;
				PRODUCT_BUNDLE_IDENTIFIER = com.atinagnihotri.LoginTest;
				PRODUCT_NAME = LoginTest;
				SDKROOT = iphoneos;
				SWIFT_EMIT_LOC_STRINGS = YES;
				SWIFT_VERSION = 5.0;
				TARGETED_DEVICE_FAMILY = "1,2";
			};
			name = Debug;
		};
		F85565CE27856B0300E7FA37 /* Release */ = {
			isa = XCBuildConfiguration;
			buildSettings = {
				ASSETCATALOG_COMPILER_APPICON_NAME = AppIcon;
				ASSETCATALOG_COMPILER_GLOBAL_ACCENT_COLOR_NAME = AccentColor;
				CODE_SIGN_STYLE = Automatic;
				CURRENT_PROJECT_VERSION = 1;
				ENABLE_PREVIEWS = YES;
				GENERATE_INFOPLIST_FILE = YES;
				INFOPLIST_KEY_UIApplicationSceneManifest_Generation = YES;
				INFOPLIST_KEY_UIApplicationSupportsIndirectInputEvents = YES;
				INFOPLIST_KEY_UILaunchScreen_Generation = YES;
				INFOPLIST_KEY_UISupportedInterfaceOrientations_iPad = "UIInterfaceOrientationPortrait UIInterfaceOrientationPortraitUpsideDown UIInterfaceOrientationLandscapeLeft UIInterfaceOrientationLandscapeRight";
				INFOPLIST_KEY_UISupportedInterfaceOrientations_iPhone = "UIInterfaceOrientationPortrait UIInterfaceOrientationLandscapeLeft UIInterfaceOrientationLandscapeRight";
				IPHONEOS_DEPLOYMENT_TARGET = 15.0;
				LD_RUNPATH_SEARCH_PATHS = (
					"$(inherited)",
					"@executable_path/Frameworks",
				);
				MARKETING_VERSION = 1.0;
				PRODUCT_BUNDLE_IDENTIFIER = com.atinagnihotri.LoginTest;
				PRODUCT_NAME = LoginTest;
				SDKROOT = iphoneos;
				SWIFT_EMIT_LOC_STRINGS = YES;
				SWIFT_VERSION = 5.0;
				TARGETED_DEVICE_FAMILY = "1,2";
				VALIDATE_PRODUCT = YES;
			};
			name = Release;
		};
		F85565D027856B0300E7FA37 /* Debug */ = {
			isa = XCBuildConfiguration;
			buildSettings = {
				ASSETCATALOG_COMPILER_APPICON_NAME = AppIcon;
				ASSETCATALOG_COMPILER_GLOBAL_ACCENT_COLOR_NAME = AccentColor;
				CODE_SIGN_ENTITLEMENTS = macOS/macOS.entitlements;
				CODE_SIGN_STYLE = Automatic;
				COMBINE_HIDPI_IMAGES = YES;
				CURRENT_PROJECT_VERSION = 1;
				ENABLE_PREVIEWS = YES;
				GENERATE_INFOPLIST_FILE = YES;
				INFOPLIST_KEY_NSHumanReadableCopyright = "";
				LD_RUNPATH_SEARCH_PATHS = (
					"$(inherited)",
					"@executable_path/../Frameworks",
				);
				MACOSX_DEPLOYMENT_TARGET = 11.6;
				MARKETING_VERSION = 1.0;
				PRODUCT_BUNDLE_IDENTIFIER = com.atinagnihotri.LoginTest;
				PRODUCT_NAME = LoginTest;
				SDKROOT = macosx;
				SWIFT_EMIT_LOC_STRINGS = YES;
				SWIFT_VERSION = 5.0;
			};
			name = Debug;
		};
		F85565D127856B0300E7FA37 /* Release */ = {
			isa = XCBuildConfiguration;
			buildSettings = {
				ASSETCATALOG_COMPILER_APPICON_NAME = AppIcon;
				ASSETCATALOG_COMPILER_GLOBAL_ACCENT_COLOR_NAME = AccentColor;
				CODE_SIGN_ENTITLEMENTS = macOS/macOS.entitlements;
				CODE_SIGN_STYLE = Automatic;
				COMBINE_HIDPI_IMAGES = YES;
				CURRENT_PROJECT_VERSION = 1;
				ENABLE_PREVIEWS = YES;
				GENERATE_INFOPLIST_FILE = YES;
				INFOPLIST_KEY_NSHumanReadableCopyright = "";
				LD_RUNPATH_SEARCH_PATHS = (
					"$(inherited)",
					"@executable_path/../Frameworks",
				);
				MACOSX_DEPLOYMENT_TARGET = 11.6;
				MARKETING_VERSION = 1.0;
				PRODUCT_BUNDLE_IDENTIFIER = com.atinagnihotri.LoginTest;
				PRODUCT_NAME = LoginTest;
				SDKROOT = macosx;
				SWIFT_EMIT_LOC_STRINGS = YES;
				SWIFT_VERSION = 5.0;
			};
			name = Release;
		};
/* End XCBuildConfiguration section */

/* Begin XCConfigurationList section */
		F85565B227856B0000E7FA37 /* Build configuration list for PBXProject "LoginTest" */ = {
			isa = XCConfigurationList;
			buildConfigurations = (
				F85565CA27856B0300E7FA37 /* Debug */,
				F85565CB27856B0300E7FA37 /* Release */,
			);
			defaultConfigurationIsVisible = 0;
			defaultConfigurationName = Release;
		};
		F85565CC27856B0300E7FA37 /* Build configuration list for PBXNativeTarget "LoginTest (iOS)" */ = {
			isa = XCConfigurationList;
			buildConfigurations = (
				F85565CD27856B0300E7FA37 /* Debug */,
				F85565CE27856B0300E7FA37 /* Release */,
			);
			defaultConfigurationIsVisible = 0;
			defaultConfigurationName = Release;
		};
		F85565CF27856B0300E7FA37 /* Build configuration list for PBXNativeTarget "LoginTest (macOS)" */ = {
			isa = XCConfigurationList;
			buildConfigurations = (
				F85565D027856B0300E7FA37 /* Debug */,
				F85565D127856B0300E7FA37 /* Release */,
			);
			defaultConfigurationIsVisible = 0;
			defaultConfigurationName = Release;
		};
/* End XCConfigurationList section */
	};
	rootObject = F85565AF27856B0000E7FA37 /* Project object */;
}
